
Microsoft Visual Studio Solution File, Format Version 12.00
# Visual Studio Version 16
VisualStudioVersion = 16.0.29020.237
MinimumVisualStudioVersion = 10.0.40219.1
Project("{FAE04EC0-301F-11D3-BF4B-00C04F79EFBC}") = "Calculator", "Calculator\Calculator.csproj", "{63D069F7-7535-4DF7-A787-E5323BE3888F}"
EndProject
Global
	GlobalSection(SolutionConfigurationPlatforms) = preSolution
		Debug|Any CPU = Debug|Any CPU
		Release|Any CPU = Release|Any CPU
	EndGlobalSection
	GlobalSection(ProjectConfigurationPlatforms) = postSolution
		{63D069F7-7535-4DF7-A787-E5323BE3888F}.Debug|Any CPU.ActiveCfg = Debug|Any CPU
		{63D069F7-7535-4DF7-A787-E5323BE3888F}.Debug|Any CPU.Build.0 = Debug|Any CPU
		{63D069F7-7535-4DF7-A787-E5323BE3888F}.Release|Any CPU.ActiveCfg = Release|Any CPU
		{63D069F7-7535-4DF7-A787-E5323BE3888F}.Release|Any CPU.Build.0 = Release|Any CPU
	EndGlobalSection
	GlobalSection(SolutionProperties) = preSolution
		HideSolutionNode = FALSE
	EndGlobalSection
	GlobalSection(ExtensibilityGlobals) = postSolution
		SolutionGuid = {7DB61392-64F5-4BE5-A96B-598A5C68A9D9}
	EndGlobalSection
EndGlobal
